
Microsoft Visual Studio Solution File, Format Version 12.00
# Visual Studio Version 17
VisualStudioVersion = 17.4.33213.308
MinimumVisualStudioVersion = 10.0.40219.1
Project("{9A19103F-16F7-4668-BE54-9A1E7A4F7556}") = "App", "App\App.csproj", "{0D911FFE-9B43-4B91-96B1-B21A620FA782}"
EndProject
Project("{FAE04EC0-301F-11D3-BF4B-00C04F79EFBC}") = "Server", "Server\Server.csproj", "{780CC5E7-21D4-4A89-B546-395DD9CCA1BF}"
EndProject
Global
	GlobalSection(SolutionConfigurationPlatforms) = preSolution
		Debug|Any CPU = Debug|Any CPU
		Release|Any CPU = Release|Any CPU
	EndGlobalSection
	GlobalSection(ProjectConfigurationPlatforms) = postSolution
		{0D911FFE-9B43-4B91-96B1-B21A620FA782}.Debug|Any CPU.ActiveCfg = Debug|Any CPU
		{0D911FFE-9B43-4B91-96B1-B21A620FA782}.Debug|Any CPU.Build.0 = Debug|Any CPU
		{0D911FFE-9B43-4B91-96B1-B21A620FA782}.Debug|Any CPU.Deploy.0 = Debug|Any CPU
		{0D911FFE-9B43-4B91-96B1-B21A620FA782}.Release|Any CPU.ActiveCfg = Release|Any CPU
		{0D911FFE-9B43-4B91-96B1-B21A620FA782}.Release|Any CPU.Build.0 = Release|Any CPU
		{780CC5E7-21D4-4A89-B546-395DD9CCA1BF}.Debug|Any CPU.ActiveCfg = Debug|Any CPU
		{780CC5E7-21D4-4A89-B546-395DD9CCA1BF}.Debug|Any CPU.Build.0 = Debug|Any CPU
		{780CC5E7-21D4-4A89-B546-395DD9CCA1BF}.Release|Any CPU.ActiveCfg = Release|Any CPU
		{780CC5E7-21D4-4A89-B546-395DD9CCA1BF}.Release|Any CPU.Build.0 = Release|Any CPU
	EndGlobalSection
	GlobalSection(SolutionProperties) = preSolution
		HideSolutionNode = FALSE
	EndGlobalSection
	GlobalSection(ExtensibilityGlobals) = postSolution
		SolutionGuid = {D1B30A56-D705-435A-BE01-98BA9316D42C}
	EndGlobalSection
EndGlobal
